
Microsoft Visual Studio Solution File, Format Version 12.00
# Visual Studio Version 17
VisualStudioVersion = 17.9.34723.18
MinimumVisualStudioVersion = 10.0.40219.1
Project("{FAE04EC0-301F-11D3-BF4B-00C04F79EFBC}") = "algorithmExamples", "algorithmExamples.csproj", "{0AF92547-8F02-44BC-8E57-9E574C090B49}"
EndProject
Global
	GlobalSection(SolutionConfigurationPlatforms) = preSolution
		Debug|Any CPU = Debug|Any CPU
		Release|Any CPU = Release|Any CPU
	EndGlobalSection
	GlobalSection(ProjectConfigurationPlatforms) = postSolution
		{0AF92547-8F02-44BC-8E57-9E574C090B49}.Debug|Any CPU.ActiveCfg = Debug|Any CPU
		{0AF92547-8F02-44BC-8E57-9E574C090B49}.Debug|Any CPU.Build.0 = Debug|Any CPU
		{0AF92547-8F02-44BC-8E57-9E574C090B49}.Release|Any CPU.ActiveCfg = Release|Any CPU
		{0AF92547-8F02-44BC-8E57-9E574C090B49}.Release|Any CPU.Build.0 = Release|Any CPU
	EndGlobalSection
	GlobalSection(SolutionProperties) = preSolution
		HideSolutionNode = FALSE
	EndGlobalSection
	GlobalSection(ExtensibilityGlobals) = postSolution
		SolutionGuid = {D935C333-A9A0-4B29-9C91-BBDCBD5D03E6}
	EndGlobalSection
EndGlobal
